// !$*UTF8*$!
{
	archiveVersion = 1;
	classes = {
	};
	objectVersion = 50;
	objects = {

/* Begin PBXBuildFile section */
		B382D567269D84A50013E032 /* AppDelegate.swift in Sources */ = {isa = PBXBuildFile; fileRef = B382D566269D84A50013E032 /* AppDelegate.swift */; };
		B382D569269D84A50013E032 /* SceneDelegate.swift in Sources */ = {isa = PBXBuildFile; fileRef = B382D568269D84A50013E032 /* SceneDelegate.swift */; };
		B382D56B269D84A50013E032 /* ViewController.swift in Sources */ = {isa = PBXBuildFile; fileRef = B382D56A269D84A50013E032 /* ViewController.swift */; };
		B382D56E269D84A50013E032 /* Main.storyboard in Resources */ = {isa = PBXBuildFile; fileRef = B382D56C269D84A50013E032 /* Main.storyboard */; };
		B382D570269D84A60013E032 /* Assets.xcassets in Resources */ = {isa = PBXBuildFile; fileRef = B382D56F269D84A60013E032 /* Assets.xcassets */; };
		B382D573269D84A60013E032 /* LaunchScreen.storyboard in Resources */ = {isa = PBXBuildFile; fileRef = B382D571269D84A60013E032 /* LaunchScreen.storyboard */; };
		B382D57E269D84A60013E032 /* PreworkTests.swift in Sources */ = {isa = PBXBuildFile; fileRef = B382D57D269D84A60013E032 /* PreworkTests.swift */; };
		B382D589269D84A60013E032 /* PreworkUITests.swift in Sources */ = {isa = PBXBuildFile; fileRef = B382D588269D84A60013E032 /* PreworkUITests.swift */; };
/* End PBXBuildFile section */

/* Begin PBXContainerItemProxy section */
		B382D57A269D84A60013E032 /* PBXContainerItemProxy */ = {
			isa = PBXContainerItemProxy;
			containerPortal = B382D55B269D84A50013E032 /* Project object */;
			proxyType = 1;
			remoteGlobalIDString = B382D562269D84A50013E032;
			remoteInfo = Prework;
		};
		B382D585269D84A60013E032 /* PBXContainerItemProxy */ = {
			isa = PBXContainerItemProxy;
			containerPortal = B382D55B269D84A50013E032 /* Project object */;
			proxyType = 1;
			remoteGlobalIDString = B382D562269D84A50013E032;
			remoteInfo = Prework;
		};
/* End PBXContainerItemProxy section */

/* Begin PBXFileReference section */
		B382D563269D84A50013E032 /* Prework.app */ = {isa = PBXFileReference; explicitFileType = wrapper.application; includeInIndex = 0; path = Prework.app; sourceTree = BUILT_PRODUCTS_DIR; };
		B382D566269D84A50013E032 /* AppDelegate.swift */ = {isa = PBXFileReference; lastKnownFileType = sourcecode.swift; path = AppDelegate.swift; sourceTree = "<group>"; };
		B382D568269D84A50013E032 /* SceneDelegate.swift */ = {isa = PBXFileReference; lastKnownFileType = sourcecode.swift; path = SceneDelegate.swift; sourceTree = "<group>"; };
		B382D56A269D84A50013E032 /* ViewController.swift */ = {isa = PBXFileReference; lastKnownFileType = sourcecode.swift; path = ViewController.swift; sourceTree = "<group>"; };
		B382D56D269D84A50013E032 /* Base */ = {isa = PBXFileReference; lastKnownFileType = file.storyboard; name = Base; path = Base.lproj/Main.storyboard; sourceTree = "<group>"; };
		B382D56F269D84A60013E032 /* Assets.xcassets */ = {isa = PBXFileReference; lastKnownFileType = folder.assetcatalog; path = Assets.xcassets; sourceTree = "<group>"; };
		B382D572269D84A60013E032 /* Base */ = {isa = PBXFileReference; lastKnownFileType = file.storyboard; name = Base; path = Base.lproj/LaunchScreen.storyboard; sourceTree = "<group>"; };
		B382D574269D84A60013E032 /* Info.plist */ = {isa = PBXFileReference; lastKnownFileType = text.plist.xml; path = Info.plist; sourceTree = "<group>"; };
		B382D579269D84A60013E032 /* PreworkTests.xctest */ = {isa = PBXFileReference; explicitFileType = wrapper.cfbundle; includeInIndex = 0; path = PreworkTests.xctest; sourceTree = BUILT_PRODUCTS_DIR; };
		B382D57D269D84A60013E032 /* PreworkTests.swift */ = {isa = PBXFileReference; lastKnownFileType = sourcecode.swift; path = PreworkTests.swift; sourceTree = "<group>"; };
		B382D57F269D84A60013E032 /* Info.plist */ = {isa = PBXFileReference; lastKnownFileType = text.plist.xml; path = Info.plist; sourceTree = "<group>"; };
		B382D584269D84A60013E032 /* PreworkUITests.xctest */ = {isa = PBXFileReference; explicitFileType = wrapper.cfbundle; includeInIndex = 0; path = PreworkUITests.xctest; sourceTree = BUILT_PRODUCTS_DIR; };
		B382D588269D84A60013E032 /* PreworkUITests.swift */ = {isa = PBXFileReference; lastKnownFileType = sourcecode.swift; path = PreworkUITests.swift; sourceTree = "<group>"; };
		B382D58A269D84A60013E032 /* Info.plist */ = {isa = PBXFileReference; lastKnownFileType = text.plist.xml; path = Info.plist; sourceTree = "<group>"; };
/* End PBXFileReference section */

/* Begin PBXFrameworksBuildPhase section */
		B382D560269D84A50013E032 /* Frameworks */ = {
			isa = PBXFrameworksBuildPhase;
			buildActionMask = 2147483647;
			files = (
			);
			runOnlyForDeploymentPostprocessing = 0;
		};
		B382D576269D84A60013E032 /* Frameworks */ = {
			isa = PBXFrameworksBuildPhase;
			buildActionMask = 2147483647;
			files = (
			);
			runOnlyForDeploymentPostprocessing = 0;
		};
		B382D581269D84A60013E032 /* Frameworks */ = {
			isa = PBXFrameworksBuildPhase;
			buildActionMask = 2147483647;
			files = (
			);
			runOnlyForDeploymentPostprocessing = 0;
		};
/* End PBXFrameworksBuildPhase section */

/* Begin PBXGroup section */
		B382D55A269D84A50013E032 = {
			isa = PBXGroup;
			children = (
				B382D565269D84A50013E032 /* Prework */,
				B382D57C269D84A60013E032 /* PreworkTests */,
				B382D587269D84A60013E032 /* PreworkUITests */,
				B382D564269D84A50013E032 /* Products */,
			);
			sourceTree = "<group>";
		};
		B382D564269D84A50013E032 /* Products */ = {
			isa = PBXGroup;
			children = (
				B382D563269D84A50013E032 /* Prework.app */,
				B382D579269D84A60013E032 /* PreworkTests.xctest */,
				B382D584269D84A60013E032 /* PreworkUITests.xctest */,
			);
			name = Products;
			sourceTree = "<group>";
		};
		B382D565269D84A50013E032 /* Prework */ = {
			isa = PBXGroup;
			children = (
				B382D566269D84A50013E032 /* AppDelegate.swift */,
				B382D568269D84A50013E032 /* SceneDelegate.swift */,
				B382D56A269D84A50013E032 /* ViewController.swift */,
				B382D56C269D84A50013E032 /* Main.storyboard */,
				B382D56F269D84A60013E032 /* Assets.xcassets */,
				B382D571269D84A60013E032 /* LaunchScreen.storyboard */,
				B382D574269D84A60013E032 /* Info.plist */,
			);
			path = Prework;
			sourceTree = "<group>";
		};
		B382D57C269D84A60013E032 /* PreworkTests */ = {
			isa = PBXGroup;
			children = (
				B382D57D269D84A60013E032 /* PreworkTests.swift */,
				B382D57F269D84A60013E032 /* Info.plist */,
			);
			path = PreworkTests;
			sourceTree = "<group>";
		};
		B382D587269D84A60013E032 /* PreworkUITests */ = {
			isa = PBXGroup;
			children = (
				B382D588269D84A60013E032 /* PreworkUITests.swift */,
				B382D58A269D84A60013E032 /* Info.plist */,
			);
			path = PreworkUITests;
			sourceTree = "<group>";
		};
/* End PBXGroup section */

/* Begin PBXNativeTarget section */
		B382D562269D84A50013E032 /* Prework */ = {
			isa = PBXNativeTarget;
			buildConfigurationList = B382D58D269D84A60013E032 /* Build configuration list for PBXNativeTarget "Prework" */;
			buildPhases = (
				B382D55F269D84A50013E032 /* Sources */,
				B382D560269D84A50013E032 /* Frameworks */,
				B382D561269D84A50013E032 /* Resources */,
			);
			buildRules = (
			);
			dependencies = (
			);
			name = Prework;
			productName = Prework;
			productReference = B382D563269D84A50013E032 /* Prework.app */;
			productType = "com.apple.product-type.application";
		};
		B382D578269D84A60013E032 /* PreworkTests */ = {
			isa = PBXNativeTarget;
			buildConfigurationList = B382D590269D84A60013E032 /* Build configuration list for PBXNativeTarget "PreworkTests" */;
			buildPhases = (
				B382D575269D84A60013E032 /* Sources */,
				B382D576269D84A60013E032 /* Frameworks */,
				B382D577269D84A60013E032 /* Resources */,
			);
			buildRules = (
			);
			dependencies = (
				B382D57B269D84A60013E032 /* PBXTargetDependency */,
			);
			name = PreworkTests;
			productName = PreworkTests;
			productReference = B382D579269D84A60013E032 /* PreworkTests.xctest */;
			productType = "com.apple.product-type.bundle.unit-test";
		};
		B382D583269D84A60013E032 /* PreworkUITests */ = {
			isa = PBXNativeTarget;
			buildConfigurationList = B382D593269D84A60013E032 /* Build configuration list for PBXNativeTarget "PreworkUITests" */;
			buildPhases = (
				B382D580269D84A60013E032 /* Sources */,
				B382D581269D84A60013E032 /* Frameworks */,
				B382D582269D84A60013E032 /* Resources */,
			);
			buildRules = (
			);
			dependencies = (
				B382D586269D84A60013E032 /* PBXTargetDependency */,
			);
			name = PreworkUITests;
			productName = PreworkUITests;
			productReference = B382D584269D84A60013E032 /* PreworkUITests.xctest */;
			productType = "com.apple.product-type.bundle.ui-testing";
		};
/* End PBXNativeTarget section */

/* Begin PBXProject section */
		B382D55B269D84A50013E032 /* Project object */ = {
			isa = PBXProject;
			attributes = {
				LastSwiftUpdateCheck = 1250;
				LastUpgradeCheck = 1250;
				TargetAttributes = {
					B382D562269D84A50013E032 = {
						CreatedOnToolsVersion = 12.5.1;
					};
					B382D578269D84A60013E032 = {
						CreatedOnToolsVersion = 12.5.1;
						TestTargetID = B382D562269D84A50013E032;
					};
					B382D583269D84A60013E032 = {
						CreatedOnToolsVersion = 12.5.1;
						TestTargetID = B382D562269D84A50013E032;
					};
				};
			};
			buildConfigurationList = B382D55E269D84A50013E032 /* Build configuration list for PBXProject "Prework" */;
			compatibilityVersion = "Xcode 9.3";
			developmentRegion = en;
			hasScannedForEncodings = 0;
			knownRegions = (
				en,
				Base,
			);
			mainGroup = B382D55A269D84A50013E032;
			productRefGroup = B382D564269D84A50013E032 /* Products */;
			projectDirPath = "";
			projectRoot = "";
			targets = (
				B382D562269D84A50013E032 /* Prework */,
				B382D578269D84A60013E032 /* PreworkTests */,
				B382D583269D84A60013E032 /* PreworkUITests */,
			);
		};
/* End PBXProject section */

/* Begin PBXResourcesBuildPhase section */
		B382D561269D84A50013E032 /* Resources */ = {
			isa = PBXResourcesBuildPhase;
			buildActionMask = 2147483647;
			files = (
				B382D573269D84A60013E032 /* LaunchScreen.storyboard in Resources */,
				B382D570269D84A60013E032 /* Assets.xcassets in Resources */,
				B382D56E269D84A50013E032 /* Main.storyboard in Resources */,
			);
			runOnlyForDeploymentPostprocessing = 0;
		};
		B382D577269D84A60013E032 /* Resources */ = {
			isa = PBXResourcesBuildPhase;
			buildActionMask = 2147483647;
			files = (
			);
			runOnlyForDeploymentPostprocessing = 0;
		};
		B382D582269D84A60013E032 /* Resources */ = {
			isa = PBXResourcesBuildPhase;
			buildActionMask = 2147483647;
			files = (
			);
			runOnlyForDeploymentPostprocessing = 0;
		};
/* End PBXResourcesBuildPhase section */

/* Begin PBXSourcesBuildPhase section */
		B382D55F269D84A50013E032 /* Sources */ = {
			isa = PBXSourcesBuildPhase;
			buildActionMask = 2147483647;
			files = (
				B382D56B269D84A50013E032 /* ViewController.swift in Sources */,
				B382D567269D84A50013E032 /* AppDelegate.swift in Sources */,
				B382D569269D84A50013E032 /* SceneDelegate.swift in Sources */,
			);
			runOnlyForDeploymentPostprocessing = 0;
		};
		B382D575269D84A60013E032 /* Sources */ = {
			isa = PBXSourcesBuildPhase;
			buildActionMask = 2147483647;
			files = (
				B382D57E269D84A60013E032 /* PreworkTests.swift in Sources */,
			);
			runOnlyForDeploymentPostprocessing = 0;
		};
		B382D580269D84A60013E032 /* Sources */ = {
			isa = PBXSourcesBuildPhase;
			buildActionMask = 2147483647;
			files = (
				B382D589269D84A60013E032 /* PreworkUITests.swift in Sources */,
			);
			runOnlyForDeploymentPostprocessing = 0;
		};
/* End PBXSourcesBuildPhase section */

/* Begin PBXTargetDependency section */
		B382D57B269D84A60013E032 /* PBXTargetDependency */ = {
			isa = PBXTargetDependency;
			target = B382D562269D84A50013E032 /* Prework */;
			targetProxy = B382D57A269D84A60013E032 /* PBXContainerItemProxy */;
		};
		B382D586269D84A60013E032 /* PBXTargetDependency */ = {
			isa = PBXTargetDependency;
			target = B382D562269D84A50013E032 /* Prework */;
			targetProxy = B382D585269D84A60013E032 /* PBXContainerItemProxy */;
		};
/* End PBXTargetDependency section */

/* Begin PBXVariantGroup section */
		B382D56C269D84A50013E032 /* Main.storyboard */ = {
			isa = PBXVariantGroup;
			children = (
				B382D56D269D84A50013E032 /* Base */,
			);
			name = Main.storyboard;
			sourceTree = "<group>";
		};
		B382D571269D84A60013E032 /* LaunchScreen.storyboard */ = {
			isa = PBXVariantGroup;
			children = (
				B382D572269D84A60013E032 /* Base */,
			);
			name = LaunchScreen.storyboard;
			sourceTree = "<group>";
		};
/* End PBXVariantGroup section */

/* Begin XCBuildConfiguration section */
		B382D58B269D84A60013E032 /* Debug */ = {
			isa = XCBuildConfiguration;
			buildSettings = {
				ALWAYS_SEARCH_USER_PATHS = NO;
				CLANG_ANALYZER_NONNULL = YES;
				CLANG_ANALYZER_NUMBER_OBJECT_CONVERSION = YES_AGGRESSIVE;
				CLANG_CXX_LANGUAGE_STANDARD = "gnu++14";
				CLANG_CXX_LIBRARY = "libc++";
				CLANG_ENABLE_MODULES = YES;
				CLANG_ENABLE_OBJC_ARC = YES;
				CLANG_ENABLE_OBJC_WEAK = YES;
				CLANG_WARN_BLOCK_CAPTURE_AUTORELEASING = YES;
				CLANG_WARN_BOOL_CONVERSION = YES;
				CLANG_WARN_COMMA = YES;
				CLANG_WARN_CONSTANT_CONVERSION = YES;
				CLANG_WARN_DEPRECATED_OBJC_IMPLEMENTATIONS = YES;
				CLANG_WARN_DIRECT_OBJC_ISA_USAGE = YES_ERROR;
				CLANG_WARN_DOCUMENTATION_COMMENTS = YES;
				CLANG_WARN_EMPTY_BODY = YES;
				CLANG_WARN_ENUM_CONVERSION = YES;
				CLANG_WARN_INFINITE_RECURSION = YES;
				CLANG_WARN_INT_CONVERSION = YES;
				CLANG_WARN_NON_LITERAL_NULL_CONVERSION = YES;
				CLANG_WARN_OBJC_IMPLICIT_RETAIN_SELF = YES;
				CLANG_WARN_OBJC_LITERAL_CONVERSION = YES;
				CLANG_WARN_OBJC_ROOT_CLASS = YES_ERROR;
				CLANG_WARN_QUOTED_INCLUDE_IN_FRAMEWORK_HEADER = YES;
				CLANG_WARN_RANGE_LOOP_ANALYSIS = YES;
				CLANG_WARN_STRICT_PROTOTYPES = YES;
				CLANG_WARN_SUSPICIOUS_MOVE = YES;
				CLANG_WARN_UNGUARDED_AVAILABILITY = YES_AGGRESSIVE;
				CLANG_WARN_UNREACHABLE_CODE = YES;
				CLANG_WARN__DUPLICATE_METHOD_MATCH = YES;
				COPY_PHASE_STRIP = NO;
				DEBUG_INFORMATION_FORMAT = dwarf;
				ENABLE_STRICT_OBJC_MSGSEND = YES;
				ENABLE_TESTABILITY = YES;
				GCC_C_LANGUAGE_STANDARD = gnu11;
				GCC_DYNAMIC_NO_PIC = NO;
				GCC_NO_COMMON_BLOCKS = YES;
				GCC_OPTIMIZATION_LEVEL = 0;
				GCC_PREPROCESSOR_DEFINITIONS = (
					"DEBUG=1",
					"$(inherited)",
				);
				GCC_WARN_64_TO_32_BIT_CONVERSION = YES;
				GCC_WARN_ABOUT_RETURN_TYPE = YES_ERROR;
				GCC_WARN_UNDECLARED_SELECTOR = YES;
				GCC_WARN_UNINITIALIZED_AUTOS = YES_AGGRESSIVE;
				GCC_WARN_UNUSED_FUNCTION = YES;
				GCC_WARN_UNUSED_VARIABLE = YES;
				IPHONEOS_DEPLOYMENT_TARGET = 14.5;
				MTL_ENABLE_DEBUG_INFO = INCLUDE_SOURCE;
				MTL_FAST_MATH = YES;
				ONLY_ACTIVE_ARCH = YES;
				SDKROOT = iphoneos;
				SWIFT_ACTIVE_COMPILATION_CONDITIONS = DEBUG;
				SWIFT_OPTIMIZATION_LEVEL = "-Onone";
			};
			name = Debug;
		};
		B382D58C269D84A60013E032 /* Release */ = {
			isa = XCBuildConfiguration;
			buildSettings = {
				ALWAYS_SEARCH_USER_PATHS = NO;
				CLANG_ANALYZER_NONNULL = YES;
				CLANG_ANALYZER_NUMBER_OBJECT_CONVERSION = YES_AGGRESSIVE;
				CLANG_CXX_LANGUAGE_STANDARD = "gnu++14";
				CLANG_CXX_LIBRARY = "libc++";
				CLANG_ENABLE_MODULES = YES;
				CLANG_ENABLE_OBJC_ARC = YES;
				CLANG_ENABLE_OBJC_WEAK = YES;
				CLANG_WARN_BLOCK_CAPTURE_AUTORELEASING = YES;
				CLANG_WARN_BOOL_CONVERSION = YES;
				CLANG_WARN_COMMA = YES;
				CLANG_WARN_CONSTANT_CONVERSION = YES;
				CLANG_WARN_DEPRECATED_OBJC_IMPLEMENTATIONS = YES;
				CLANG_WARN_DIRECT_OBJC_ISA_USAGE = YES_ERROR;
				CLANG_WARN_DOCUMENTATION_COMMENTS = YES;
				CLANG_WARN_EMPTY_BODY = YES;
				CLANG_WARN_ENUM_CONVERSION = YES;
				CLANG_WARN_INFINITE_RECURSION = YES;
				CLANG_WARN_INT_CONVERSION = YES;
				CLANG_WARN_NON_LITERAL_NULL_CONVERSION = YES;
				CLANG_WARN_OBJC_IMPLICIT_RETAIN_SELF = YES;
				CLANG_WARN_OBJC_LITERAL_CONVERSION = YES;
				CLANG_WARN_OBJC_ROOT_CLASS = YES_ERROR;
				CLANG_WARN_QUOTED_INCLUDE_IN_FRAMEWORK_HEADER = YES;
				CLANG_WARN_RANGE_LOOP_ANALYSIS = YES;
				CLANG_WARN_STRICT_PROTOTYPES = YES;
				CLANG_WARN_SUSPICIOUS_MOVE = YES;
				CLANG_WARN_UNGUARDED_AVAILABILITY = YES_AGGRESSIVE;
				CLANG_WARN_UNREACHABLE_CODE = YES;
				CLANG_WARN__DUPLICATE_METHOD_MATCH = YES;
				COPY_PHASE_STRIP = NO;
				DEBUG_INFORMATION_FORMAT = "dwarf-with-dsym";
				ENABLE_NS_ASSERTIONS = NO;
				ENABLE_STRICT_OBJC_MSGSEND = YES;
				GCC_C_LANGUAGE_STANDARD = gnu11;
				GCC_NO_COMMON_BLOCKS = YES;
				GCC_WARN_64_TO_32_BIT_CONVERSION = YES;
				GCC_WARN_ABOUT_RETURN_TYPE = YES_ERROR;
				GCC_WARN_UNDECLARED_SELECTOR = YES;
				GCC_WARN_UNINITIALIZED_AUTOS = YES_AGGRESSIVE;
				GCC_WARN_UNUSED_FUNCTION = YES;
				GCC_WARN_UNUSED_VARIABLE = YES;
				IPHONEOS_DEPLOYMENT_TARGET = 14.5;
				MTL_ENABLE_DEBUG_INFO = NO;
				MTL_FAST_MATH = YES;
				SDKROOT = iphoneos;
				SWIFT_COMPILATION_MODE = wholemodule;
				SWIFT_OPTIMIZATION_LEVEL = "-O";
				VALIDATE_PRODUCT = YES;
			};
			name = Release;
		};
		B382D58E269D84A60013E032 /* Debug */ = {
			isa = XCBuildConfiguration;
			buildSettings = {
				ASSETCATALOG_COMPILER_APPICON_NAME = AppIcon;
				ASSETCATALOG_COMPILER_GLOBAL_ACCENT_COLOR_NAME = AccentColor;
				CODE_SIGN_STYLE = Automatic;
				DEVELOPMENT_TEAM = C4ZZ9GKAXZ;
				INFOPLIST_FILE = Prework/Info.plist;
				LD_RUNPATH_SEARCH_PATHS = (
					"$(inherited)",
					"@executable_path/Frameworks",
				);
				PRODUCT_BUNDLE_IDENTIFIER = CodePath.Pre;
				PRODUCT_NAME = "$(TARGET_NAME)";
				SWIFT_VERSION = 5.0;
				TARGETED_DEVICE_FAMILY = "1,2";
			};
			name = Debug;
		};
		B382D58F269D84A60013E032 /* Release */ = {
			isa = XCBuildConfiguration;
			buildSettings = {
				ASSETCATALOG_COMPILER_APPICON_NAME = AppIcon;
				ASSETCATALOG_COMPILER_GLOBAL_ACCENT_COLOR_NAME = AccentColor;
				CODE_SIGN_STYLE = Automatic;
				DEVELOPMENT_TEAM = C4ZZ9GKAXZ;
				INFOPLIST_FILE = Prework/Info.plist;
				LD_RUNPATH_SEARCH_PATHS = (
					"$(inherited)",
					"@executable_path/Frameworks",
				);
				PRODUCT_BUNDLE_IDENTIFIER = CodePath.Pre;
				PRODUCT_NAME = "$(TARGET_NAME)";
				SWIFT_VERSION = 5.0;
				TARGETED_DEVICE_FAMILY = "1,2";
			};
			name = Release;
		};
		B382D591269D84A60013E032 /* Debug */ = {
			isa = XCBuildConfiguration;
			buildSettings = {
				ALWAYS_EMBED_SWIFT_STANDARD_LIBRARIES = YES;
				BUNDLE_LOADER = "$(TEST_HOST)";
				CODE_SIGN_STYLE = Automatic;
				INFOPLIST_FILE = PreworkTests/Info.plist;
				IPHONEOS_DEPLOYMENT_TARGET = 14.5;
				LD_RUNPATH_SEARCH_PATHS = (
					"$(inherited)",
					"@executable_path/Frameworks",
					"@loader_path/Frameworks",
				);
				PRODUCT_BUNDLE_IDENTIFIER = CodePath.PreworkTests;
				PRODUCT_NAME = "$(TARGET_NAME)";
				SWIFT_VERSION = 5.0;
				TARGETED_DEVICE_FAMILY = "1,2";
				TEST_HOST = "$(BUILT_PRODUCTS_DIR)/Prework.app/Prework";
			};
			name = Debug;
		};
		B382D592269D84A60013E032 /* Release */ = {
			isa = XCBuildConfiguration;
			buildSettings = {
				ALWAYS_EMBED_SWIFT_STANDARD_LIBRARIES = YES;
				BUNDLE_LOADER = "$(TEST_HOST)";
				CODE_SIGN_STYLE = Automatic;
				INFOPLIST_FILE = PreworkTests/Info.plist;
				IPHONEOS_DEPLOYMENT_TARGET = 14.5;
				LD_RUNPATH_SEARCH_PATHS = (
					"$(inherited)",
					"@executable_path/Frameworks",
					"@loader_path/Frameworks",
				);
				PRODUCT_BUNDLE_IDENTIFIER = CodePath.PreworkTests;
				PRODUCT_NAME = "$(TARGET_NAME)";
				SWIFT_VERSION = 5.0;
				TARGETED_DEVICE_FAMILY = "1,2";
				TEST_HOST = "$(BUILT_PRODUCTS_DIR)/Prework.app/Prework";
			};
			name = Release;
		};
		B382D594269D84A60013E032 /* Debug */ = {
			isa = XCBuildConfiguration;
			buildSettings = {
				ALWAYS_EMBED_SWIFT_STANDARD_LIBRARIES = YES;
				CODE_SIGN_STYLE = Automatic;
				INFOPLIST_FILE = PreworkUITests/Info.plist;
				LD_RUNPATH_SEARCH_PATHS = (
					"$(inherited)",
					"@executable_path/Frameworks",
					"@loader_path/Frameworks",
				);
				PRODUCT_BUNDLE_IDENTIFIER = CodePath.PreworkUITests;
				PRODUCT_NAME = "$(TARGET_NAME)";
				SWIFT_VERSION = 5.0;
				TARGETED_DEVICE_FAMILY = "1,2";
				TEST_TARGET_NAME = Prework;
			};
			name = Debug;
		};
		B382D595269D84A60013E032 /* Release */ = {
			isa = XCBuildConfiguration;
			buildSettings = {
				ALWAYS_EMBED_SWIFT_STANDARD_LIBRARIES = YES;
				CODE_SIGN_STYLE = Automatic;
				INFOPLIST_FILE = PreworkUITests/Info.plist;
				LD_RUNPATH_SEARCH_PATHS = (
					"$(inherited)",
					"@executable_path/Frameworks",
					"@loader_path/Frameworks",
				);
				PRODUCT_BUNDLE_IDENTIFIER = CodePath.PreworkUITests;
				PRODUCT_NAME = "$(TARGET_NAME)";
				SWIFT_VERSION = 5.0;
				TARGETED_DEVICE_FAMILY = "1,2";
				TEST_TARGET_NAME = Prework;
			};
			name = Release;
		};
/* End XCBuildConfiguration section */

/* Begin XCConfigurationList section */
		B382D55E269D84A50013E032 /* Build configuration list for PBXProject "Prework" */ = {
			isa = XCConfigurationList;
			buildConfigurations = (
				B382D58B269D84A60013E032 /* Debug */,
				B382D58C269D84A60013E032 /* Release */,
			);
			defaultConfigurationIsVisible = 0;
			defaultConfigurationName = Release;
		};
		B382D58D269D84A60013E032 /* Build configuration list for PBXNativeTarget "Prework" */ = {
			isa = XCConfigurationList;
			buildConfigurations = (
				B382D58E269D84A60013E032 /* Debug */,
				B382D58F269D84A60013E032 /* Release */,
			);
			defaultConfigurationIsVisible = 0;
			defaultConfigurationName = Release;
		};
		B382D590269D84A60013E032 /* Build configuration list for PBXNativeTarget "PreworkTests" */ = {
			isa = XCConfigurationList;
			buildConfigurations = (
				B382D591269D84A60013E032 /* Debug */,
				B382D592269D84A60013E032 /* Release */,
			);
			defaultConfigurationIsVisible = 0;
			defaultConfigurationName = Release;
		};
		B382D593269D84A60013E032 /* Build configuration list for PBXNativeTarget "PreworkUITests" */ = {
			isa = XCConfigurationList;
			buildConfigurations = (
				B382D594269D84A60013E032 /* Debug */,
				B382D595269D84A60013E032 /* Release */,
			);
			defaultConfigurationIsVisible = 0;
			defaultConfigurationName = Release;
		};
/* End XCConfigurationList section */
	};
	rootObject = B382D55B269D84A50013E032 /* Project object */;
}
